
Microsoft Visual Studio Solution File, Format Version 10.00
# Visual Studio 2008
Project("{FAE04EC0-301F-11D3-BF4B-00C04F79EFBC}") = "wordindex", "wordindex\wordindex.csproj", "{9A3B17DA-DEE4-4698-AD58-C28D4F469794}"
EndProject
Project("{54435603-DBB4-11D2-8724-00A0C9A8B90C}") = "Word2003Tools4DominiqueSetup", "wordindexSetup\Word2003Tools4DominiqueSetup", "{7CAF1E02-4DD1-4AD8-AC85-4C900FD1D9FA}"
EndProject
Global
	GlobalSection(SolutionConfigurationPlatforms) = preSolution
		Debug|Any CPU = Debug|Any CPU
		Release|Any CPU = Release|Any CPU
	EndGlobalSection
	GlobalSection(ProjectConfigurationPlatforms) = postSolution
		{9A3B17DA-DEE4-4698-AD58-C28D4F469794}.Debug|Any CPU.ActiveCfg = Release|Any CPU
		{9A3B17DA-DEE4-4698-AD58-C28D4F469794}.Debug|Any CPU.Build.0 = Release|Any CPU
		{9A3B17DA-DEE4-4698-AD58-C28D4F469794}.Release|Any CPU.ActiveCfg = Release|Any CPU
		{9A3B17DA-DEE4-4698-AD58-C28D4F469794}.Release|Any CPU.Build.0 = Release|Any CPU
		{7CAF1E02-4DD1-4AD8-AC85-4C900FD1D9FA}.Debug|Any CPU.ActiveCfg = Release
		{7CAF1E02-4DD1-4AD8-AC85-4C900FD1D9FA}.Debug|Any CPU.Build.0 = Release
		{7CAF1E02-4DD1-4AD8-AC85-4C900FD1D9FA}.Release|Any CPU.ActiveCfg = Release
		{7CAF1E02-4DD1-4AD8-AC85-4C900FD1D9FA}.Release|Any CPU.Build.0 = Release
	EndGlobalSection
	GlobalSection(SolutionProperties) = preSolution
		HideSolutionNode = FALSE
	EndGlobalSection
EndGlobal
